
Microsoft Visual Studio Solution File, Format Version 12.00
# Visual Studio Version 17
VisualStudioVersion = 17.0.31903.59
MinimumVisualStudioVersion = 10.0.40219.1
Project("{2150E333-8FDC-42A3-9474-1A3956D46DE8}") = "src", "src", "{CAF15053-4898-4232-880C-2DBFA5C70A82}"
EndProject
Project("{2150E333-8FDC-42A3-9474-1A3956D46DE8}") = "Solution Items", "Solution Items", "{7B9C7723-AC13-45ED-B5A4-0B9400BB5260}"
	ProjectSection(SolutionItems) = preProject
		.editorconfig = .editorconfig
		Directory.Build.props = Directory.Build.props
		Directory.Packages.props = Directory.Packages.props
	EndProjectSection
EndProject
Project("{2150E333-8FDC-42A3-9474-1A3956D46DE8}") = "tests", "tests", "{B12F4EBB-7E78-4F86-835B-DD5A7AA9628C}"
EndProject
Project("{9A19103F-16F7-4668-BE54-9A1E7A4F7556}") = "ProManageSuite.SharedKernel", "src\ProManageSuite.SharedKernel\ProManageSuite.SharedKernel.csproj", "{67A09FB4-6FB3-493A-BF5F-4952CF48F241}"
EndProject
Project("{9A19103F-16F7-4668-BE54-9A1E7A4F7556}") = "ProManageSuite.SharedKernel.UnitTests", "tests\ProManageSuite.SharedKernel.UnitTests\ProManageSuite.SharedKernel.UnitTests.csproj", "{9EA11D49-8E59-46A5-AA0E-FD79EED21E18}"
EndProject
Global
	GlobalSection(SolutionConfigurationPlatforms) = preSolution
		Debug|Any CPU = Debug|Any CPU
		Release|Any CPU = Release|Any CPU
	EndGlobalSection
	GlobalSection(ProjectConfigurationPlatforms) = postSolution
		{67A09FB4-6FB3-493A-BF5F-4952CF48F241}.Debug|Any CPU.ActiveCfg = Debug|Any CPU
		{67A09FB4-6FB3-493A-BF5F-4952CF48F241}.Debug|Any CPU.Build.0 = Debug|Any CPU
		{67A09FB4-6FB3-493A-BF5F-4952CF48F241}.Release|Any CPU.ActiveCfg = Release|Any CPU
		{67A09FB4-6FB3-493A-BF5F-4952CF48F241}.Release|Any CPU.Build.0 = Release|Any CPU
		{9EA11D49-8E59-46A5-AA0E-FD79EED21E18}.Debug|Any CPU.ActiveCfg = Debug|Any CPU
		{9EA11D49-8E59-46A5-AA0E-FD79EED21E18}.Debug|Any CPU.Build.0 = Debug|Any CPU
		{9EA11D49-8E59-46A5-AA0E-FD79EED21E18}.Release|Any CPU.ActiveCfg = Release|Any CPU
		{9EA11D49-8E59-46A5-AA0E-FD79EED21E18}.Release|Any CPU.Build.0 = Release|Any CPU
	EndGlobalSection
	GlobalSection(SolutionProperties) = preSolution
		HideSolutionNode = FALSE
	EndGlobalSection
	GlobalSection(NestedProjects) = preSolution
		{67A09FB4-6FB3-493A-BF5F-4952CF48F241} = {CAF15053-4898-4232-880C-2DBFA5C70A82}
		{9EA11D49-8E59-46A5-AA0E-FD79EED21E18} = {B12F4EBB-7E78-4F86-835B-DD5A7AA9628C}
	EndGlobalSection
	GlobalSection(ExtensibilityGlobals) = postSolution
		SolutionGuid = {B9F29213-0824-456F-9DFA-042AC0A9B0AC}
	EndGlobalSection
EndGlobal
